// !$*UTF8*$!
{
	archiveVersion = 1;
	classes = {
	};
	objectVersion = 55;
	objects = {

/* Begin PBXBuildFile section */
		C44946E82878494D006E9B4B /* MovieDBApp.swift in Sources */ = {isa = PBXBuildFile; fileRef = C44946E72878494D006E9B4B /* MovieDBApp.swift */; };
		C44946EA2878494D006E9B4B /* ContentView.swift in Sources */ = {isa = PBXBuildFile; fileRef = C44946E92878494D006E9B4B /* ContentView.swift */; };
		C44946EC2878494E006E9B4B /* Assets.xcassets in Resources */ = {isa = PBXBuildFile; fileRef = C44946EB2878494E006E9B4B /* Assets.xcassets */; };
		C44946EF2878494E006E9B4B /* Preview Assets.xcassets in Resources */ = {isa = PBXBuildFile; fileRef = C44946EE2878494E006E9B4B /* Preview Assets.xcassets */; };
		C44946F92878494E006E9B4B /* MovieDBTests.swift in Sources */ = {isa = PBXBuildFile; fileRef = C44946F82878494E006E9B4B /* MovieDBTests.swift */; };
		C44947032878494E006E9B4B /* MovieDBUITests.swift in Sources */ = {isa = PBXBuildFile; fileRef = C44947022878494E006E9B4B /* MovieDBUITests.swift */; };
		C44947052878494E006E9B4B /* MovieDBUITestsLaunchTests.swift in Sources */ = {isa = PBXBuildFile; fileRef = C44947042878494E006E9B4B /* MovieDBUITestsLaunchTests.swift */; };
		C4494713287849BB006E9B4B /* Movie.swift in Sources */ = {isa = PBXBuildFile; fileRef = C4494712287849BB006E9B4B /* Movie.swift */; };
		C449471628784A6A006E9B4B /* MovieService.swift in Sources */ = {isa = PBXBuildFile; fileRef = C449471528784A6A006E9B4B /* MovieService.swift */; };
		C449471828784CDA006E9B4B /* MovieStore.swift in Sources */ = {isa = PBXBuildFile; fileRef = C449471728784CDA006E9B4B /* MovieStore.swift */; };
		C449471A28784DBC006E9B4B /* Utils.swift in Sources */ = {isa = PBXBuildFile; fileRef = C449471928784DBC006E9B4B /* Utils.swift */; };
		C449471C2878596C006E9B4B /* Movie+Stub.swift in Sources */ = {isa = PBXBuildFile; fileRef = C449471B2878596C006E9B4B /* Movie+Stub.swift */; };
		C4997D1528787AB50034AEE3 /* MovieBackdropCard.swift in Sources */ = {isa = PBXBuildFile; fileRef = C4997D1428787AB50034AEE3 /* MovieBackdropCard.swift */; };
		C4997D1828787AEE0034AEE3 /* ImageLoader.swift in Sources */ = {isa = PBXBuildFile; fileRef = C4997D1728787AEE0034AEE3 /* ImageLoader.swift */; };
/* End PBXBuildFile section */

/* Begin PBXContainerItemProxy section */
		C44946F52878494E006E9B4B /* PBXContainerItemProxy */ = {
			isa = PBXContainerItemProxy;
			containerPortal = C44946DC2878494D006E9B4B /* Project object */;
			proxyType = 1;
			remoteGlobalIDString = C44946E32878494D006E9B4B;
			remoteInfo = MovieDB;
		};
		C44946FF2878494E006E9B4B /* PBXContainerItemProxy */ = {
			isa = PBXContainerItemProxy;
			containerPortal = C44946DC2878494D006E9B4B /* Project object */;
			proxyType = 1;
			remoteGlobalIDString = C44946E32878494D006E9B4B;
			remoteInfo = MovieDB;
		};
/* End PBXContainerItemProxy section */

/* Begin PBXFileReference section */
		C44946E42878494D006E9B4B /* MovieDB.app */ = {isa = PBXFileReference; explicitFileType = wrapper.application; includeInIndex = 0; path = MovieDB.app; sourceTree = BUILT_PRODUCTS_DIR; };
		C44946E72878494D006E9B4B /* MovieDBApp.swift */ = {isa = PBXFileReference; lastKnownFileType = sourcecode.swift; path = MovieDBApp.swift; sourceTree = "<group>"; };
		C44946E92878494D006E9B4B /* ContentView.swift */ = {isa = PBXFileReference; lastKnownFileType = sourcecode.swift; path = ContentView.swift; sourceTree = "<group>"; };
		C44946EB2878494E006E9B4B /* Assets.xcassets */ = {isa = PBXFileReference; lastKnownFileType = folder.assetcatalog; path = Assets.xcassets; sourceTree = "<group>"; };
		C44946EE2878494E006E9B4B /* Preview Assets.xcassets */ = {isa = PBXFileReference; lastKnownFileType = folder.assetcatalog; path = "Preview Assets.xcassets"; sourceTree = "<group>"; };
		C44946F42878494E006E9B4B /* MovieDBTests.xctest */ = {isa = PBXFileReference; explicitFileType = wrapper.cfbundle; includeInIndex = 0; path = MovieDBTests.xctest; sourceTree = BUILT_PRODUCTS_DIR; };
		C44946F82878494E006E9B4B /* MovieDBTests.swift */ = {isa = PBXFileReference; lastKnownFileType = sourcecode.swift; path = MovieDBTests.swift; sourceTree = "<group>"; };
		C44946FE2878494E006E9B4B /* MovieDBUITests.xctest */ = {isa = PBXFileReference; explicitFileType = wrapper.cfbundle; includeInIndex = 0; path = MovieDBUITests.xctest; sourceTree = BUILT_PRODUCTS_DIR; };
		C44947022878494E006E9B4B /* MovieDBUITests.swift */ = {isa = PBXFileReference; lastKnownFileType = sourcecode.swift; path = MovieDBUITests.swift; sourceTree = "<group>"; };
		C44947042878494E006E9B4B /* MovieDBUITestsLaunchTests.swift */ = {isa = PBXFileReference; lastKnownFileType = sourcecode.swift; path = MovieDBUITestsLaunchTests.swift; sourceTree = "<group>"; };
		C4494712287849BB006E9B4B /* Movie.swift */ = {isa = PBXFileReference; lastKnownFileType = sourcecode.swift; path = Movie.swift; sourceTree = "<group>"; };
		C449471528784A6A006E9B4B /* MovieService.swift */ = {isa = PBXFileReference; lastKnownFileType = sourcecode.swift; path = MovieService.swift; sourceTree = "<group>"; };
		C449471728784CDA006E9B4B /* MovieStore.swift */ = {isa = PBXFileReference; lastKnownFileType = sourcecode.swift; path = MovieStore.swift; sourceTree = "<group>"; };
		C449471928784DBC006E9B4B /* Utils.swift */ = {isa = PBXFileReference; lastKnownFileType = sourcecode.swift; path = Utils.swift; sourceTree = "<group>"; };
		C449471B2878596C006E9B4B /* Movie+Stub.swift */ = {isa = PBXFileReference; lastKnownFileType = sourcecode.swift; path = "Movie+Stub.swift"; sourceTree = "<group>"; };
		C4997D1428787AB50034AEE3 /* MovieBackdropCard.swift */ = {isa = PBXFileReference; lastKnownFileType = sourcecode.swift; path = MovieBackdropCard.swift; sourceTree = "<group>"; };
		C4997D1728787AEE0034AEE3 /* ImageLoader.swift */ = {isa = PBXFileReference; lastKnownFileType = sourcecode.swift; path = ImageLoader.swift; sourceTree = "<group>"; };
/* End PBXFileReference section */

/* Begin PBXFrameworksBuildPhase section */
		C44946E12878494D006E9B4B /* Frameworks */ = {
			isa = PBXFrameworksBuildPhase;
			buildActionMask = 2147483647;
			files = (
			);
			runOnlyForDeploymentPostprocessing = 0;
		};
		C44946F12878494E006E9B4B /* Frameworks */ = {
			isa = PBXFrameworksBuildPhase;
			buildActionMask = 2147483647;
			files = (
			);
			runOnlyForDeploymentPostprocessing = 0;
		};
		C44946FB2878494E006E9B4B /* Frameworks */ = {
			isa = PBXFrameworksBuildPhase;
			buildActionMask = 2147483647;
			files = (
			);
			runOnlyForDeploymentPostprocessing = 0;
		};
/* End PBXFrameworksBuildPhase section */

/* Begin PBXGroup section */
		C44946DB2878494D006E9B4B = {
			isa = PBXGroup;
			children = (
				C44946E62878494D006E9B4B /* MovieDB */,
				C44946F72878494E006E9B4B /* MovieDBTests */,
				C44947012878494E006E9B4B /* MovieDBUITests */,
				C44946E52878494D006E9B4B /* Products */,
			);
			sourceTree = "<group>";
		};
		C44946E52878494D006E9B4B /* Products */ = {
			isa = PBXGroup;
			children = (
				C44946E42878494D006E9B4B /* MovieDB.app */,
				C44946F42878494E006E9B4B /* MovieDBTests.xctest */,
				C44946FE2878494E006E9B4B /* MovieDBUITests.xctest */,
			);
			name = Products;
			sourceTree = "<group>";
		};
		C44946E62878494D006E9B4B /* MovieDB */ = {
			isa = PBXGroup;
			children = (
				C4997D1628787AD30034AEE3 /* Bindings */,
				C4997D1328787A990034AEE3 /* Views */,
				C449471D28785D78006E9B4B /* Resources */,
				C449471428784A42006E9B4B /* Service */,
				C44947112878499D006E9B4B /* Models */,
				C44946E72878494D006E9B4B /* MovieDBApp.swift */,
				C44946E92878494D006E9B4B /* ContentView.swift */,
				C44946EB2878494E006E9B4B /* Assets.xcassets */,
				C44946ED2878494E006E9B4B /* Preview Content */,
			);
			path = MovieDB;
			sourceTree = "<group>";
		};
		C44946ED2878494E006E9B4B /* Preview Content */ = {
			isa = PBXGroup;
			children = (
				C44946EE2878494E006E9B4B /* Preview Assets.xcassets */,
			);
			path = "Preview Content";
			sourceTree = "<group>";
		};
		C44946F72878494E006E9B4B /* MovieDBTests */ = {
			isa = PBXGroup;
			children = (
				C44946F82878494E006E9B4B /* MovieDBTests.swift */,
			);
			path = MovieDBTests;
			sourceTree = "<group>";
		};
		C44947012878494E006E9B4B /* MovieDBUITests */ = {
			isa = PBXGroup;
			children = (
				C44947022878494E006E9B4B /* MovieDBUITests.swift */,
				C44947042878494E006E9B4B /* MovieDBUITestsLaunchTests.swift */,
			);
			path = MovieDBUITests;
			sourceTree = "<group>";
		};
		C44947112878499D006E9B4B /* Models */ = {
			isa = PBXGroup;
			children = (
				C4494712287849BB006E9B4B /* Movie.swift */,
				C449471B2878596C006E9B4B /* Movie+Stub.swift */,
			);
			path = Models;
			sourceTree = "<group>";
		};
		C449471428784A42006E9B4B /* Service */ = {
			isa = PBXGroup;
			children = (
				C449471528784A6A006E9B4B /* MovieService.swift */,
				C449471728784CDA006E9B4B /* MovieStore.swift */,
				C449471928784DBC006E9B4B /* Utils.swift */,
			);
			path = Service;
			sourceTree = "<group>";
		};
		C449471D28785D78006E9B4B /* Resources */ = {
			isa = PBXGroup;
			children = (
			);
			path = Resources;
			sourceTree = "<group>";
		};
		C4997D1328787A990034AEE3 /* Views */ = {
			isa = PBXGroup;
			children = (
				C4997D1428787AB50034AEE3 /* MovieBackdropCard.swift */,
			);
			path = Views;
			sourceTree = "<group>";
		};
		C4997D1628787AD30034AEE3 /* Bindings */ = {
			isa = PBXGroup;
			children = (
				C4997D1728787AEE0034AEE3 /* ImageLoader.swift */,
			);
			path = Bindings;
			sourceTree = "<group>";
		};
/* End PBXGroup section */

/* Begin PBXNativeTarget section */
		C44946E32878494D006E9B4B /* MovieDB */ = {
			isa = PBXNativeTarget;
			buildConfigurationList = C44947082878494E006E9B4B /* Build configuration list for PBXNativeTarget "MovieDB" */;
			buildPhases = (
				C44946E02878494D006E9B4B /* Sources */,
				C44946E12878494D006E9B4B /* Frameworks */,
				C44946E22878494D006E9B4B /* Resources */,
			);
			buildRules = (
			);
			dependencies = (
			);
			name = MovieDB;
			productName = MovieDB;
			productReference = C44946E42878494D006E9B4B /* MovieDB.app */;
			productType = "com.apple.product-type.application";
		};
		C44946F32878494E006E9B4B /* MovieDBTests */ = {
			isa = PBXNativeTarget;
			buildConfigurationList = C449470B2878494E006E9B4B /* Build configuration list for PBXNativeTarget "MovieDBTests" */;
			buildPhases = (
				C44946F02878494E006E9B4B /* Sources */,
				C44946F12878494E006E9B4B /* Frameworks */,
				C44946F22878494E006E9B4B /* Resources */,
			);
			buildRules = (
			);
			dependencies = (
				C44946F62878494E006E9B4B /* PBXTargetDependency */,
			);
			name = MovieDBTests;
			productName = MovieDBTests;
			productReference = C44946F42878494E006E9B4B /* MovieDBTests.xctest */;
			productType = "com.apple.product-type.bundle.unit-test";
		};
		C44946FD2878494E006E9B4B /* MovieDBUITests */ = {
			isa = PBXNativeTarget;
			buildConfigurationList = C449470E2878494E006E9B4B /* Build configuration list for PBXNativeTarget "MovieDBUITests" */;
			buildPhases = (
				C44946FA2878494E006E9B4B /* Sources */,
				C44946FB2878494E006E9B4B /* Frameworks */,
				C44946FC2878494E006E9B4B /* Resources */,
			);
			buildRules = (
			);
			dependencies = (
				C44947002878494E006E9B4B /* PBXTargetDependency */,
			);
			name = MovieDBUITests;
			productName = MovieDBUITests;
			productReference = C44946FE2878494E006E9B4B /* MovieDBUITests.xctest */;
			productType = "com.apple.product-type.bundle.ui-testing";
		};
/* End PBXNativeTarget section */

/* Begin PBXProject section */
		C44946DC2878494D006E9B4B /* Project object */ = {
			isa = PBXProject;
			attributes = {
				BuildIndependentTargetsInParallel = 1;
				LastSwiftUpdateCheck = 1340;
				LastUpgradeCheck = 1340;
				TargetAttributes = {
					C44946E32878494D006E9B4B = {
						CreatedOnToolsVersion = 13.4.1;
					};
					C44946F32878494E006E9B4B = {
						CreatedOnToolsVersion = 13.4.1;
						TestTargetID = C44946E32878494D006E9B4B;
					};
					C44946FD2878494E006E9B4B = {
						CreatedOnToolsVersion = 13.4.1;
						TestTargetID = C44946E32878494D006E9B4B;
					};
				};
			};
			buildConfigurationList = C44946DF2878494D006E9B4B /* Build configuration list for PBXProject "MovieDB" */;
			compatibilityVersion = "Xcode 13.0";
			developmentRegion = en;
			hasScannedForEncodings = 0;
			knownRegions = (
				en,
				Base,
			);
			mainGroup = C44946DB2878494D006E9B4B;
			productRefGroup = C44946E52878494D006E9B4B /* Products */;
			projectDirPath = "";
			projectRoot = "";
			targets = (
				C44946E32878494D006E9B4B /* MovieDB */,
				C44946F32878494E006E9B4B /* MovieDBTests */,
				C44946FD2878494E006E9B4B /* MovieDBUITests */,
			);
		};
/* End PBXProject section */

/* Begin PBXResourcesBuildPhase section */
		C44946E22878494D006E9B4B /* Resources */ = {
			isa = PBXResourcesBuildPhase;
			buildActionMask = 2147483647;
			files = (
				C44946EF2878494E006E9B4B /* Preview Assets.xcassets in Resources */,
				C44946EC2878494E006E9B4B /* Assets.xcassets in Resources */,
			);
			runOnlyForDeploymentPostprocessing = 0;
		};
		C44946F22878494E006E9B4B /* Resources */ = {
			isa = PBXResourcesBuildPhase;
			buildActionMask = 2147483647;
			files = (
			);
			runOnlyForDeploymentPostprocessing = 0;
		};
		C44946FC2878494E006E9B4B /* Resources */ = {
			isa = PBXResourcesBuildPhase;
			buildActionMask = 2147483647;
			files = (
			);
			runOnlyForDeploymentPostprocessing = 0;
		};
/* End PBXResourcesBuildPhase section */

/* Begin PBXSourcesBuildPhase section */
		C44946E02878494D006E9B4B /* Sources */ = {
			isa = PBXSourcesBuildPhase;
			buildActionMask = 2147483647;
			files = (
				C44946EA2878494D006E9B4B /* ContentView.swift in Sources */,
				C44946E82878494D006E9B4B /* MovieDBApp.swift in Sources */,
				C4997D1528787AB50034AEE3 /* MovieBackdropCard.swift in Sources */,
				C449471628784A6A006E9B4B /* MovieService.swift in Sources */,
				C449471C2878596C006E9B4B /* Movie+Stub.swift in Sources */,
				C4997D1828787AEE0034AEE3 /* ImageLoader.swift in Sources */,
				C4494713287849BB006E9B4B /* Movie.swift in Sources */,
				C449471828784CDA006E9B4B /* MovieStore.swift in Sources */,
				C449471A28784DBC006E9B4B /* Utils.swift in Sources */,
			);
			runOnlyForDeploymentPostprocessing = 0;
		};
		C44946F02878494E006E9B4B /* Sources */ = {
			isa = PBXSourcesBuildPhase;
			buildActionMask = 2147483647;
			files = (
				C44946F92878494E006E9B4B /* MovieDBTests.swift in Sources */,
			);
			runOnlyForDeploymentPostprocessing = 0;
		};
		C44946FA2878494E006E9B4B /* Sources */ = {
			isa = PBXSourcesBuildPhase;
			buildActionMask = 2147483647;
			files = (
				C44947032878494E006E9B4B /* MovieDBUITests.swift in Sources */,
				C44947052878494E006E9B4B /* MovieDBUITestsLaunchTests.swift in Sources */,
			);
			runOnlyForDeploymentPostprocessing = 0;
		};
/* End PBXSourcesBuildPhase section */

/* Begin PBXTargetDependency section */
		C44946F62878494E006E9B4B /* PBXTargetDependency */ = {
			isa = PBXTargetDependency;
			target = C44946E32878494D006E9B4B /* MovieDB */;
			targetProxy = C44946F52878494E006E9B4B /* PBXContainerItemProxy */;
		};
		C44947002878494E006E9B4B /* PBXTargetDependency */ = {
			isa = PBXTargetDependency;
			target = C44946E32878494D006E9B4B /* MovieDB */;
			targetProxy = C44946FF2878494E006E9B4B /* PBXContainerItemProxy */;
		};
/* End PBXTargetDependency section */

/* Begin XCBuildConfiguration section */
		C44947062878494E006E9B4B /* Debug */ = {
			isa = XCBuildConfiguration;
			buildSettings = {
				ALWAYS_SEARCH_USER_PATHS = NO;
				CLANG_ANALYZER_NONNULL = YES;
				CLANG_ANALYZER_NUMBER_OBJECT_CONVERSION = YES_AGGRESSIVE;
				CLANG_CXX_LANGUAGE_STANDARD = "gnu++17";
				CLANG_ENABLE_MODULES = YES;
				CLANG_ENABLE_OBJC_ARC = YES;
				CLANG_ENABLE_OBJC_WEAK = YES;
				CLANG_WARN_BLOCK_CAPTURE_AUTORELEASING = YES;
				CLANG_WARN_BOOL_CONVERSION = YES;
				CLANG_WARN_COMMA = YES;
				CLANG_WARN_CONSTANT_CONVERSION = YES;
				CLANG_WARN_DEPRECATED_OBJC_IMPLEMENTATIONS = YES;
				CLANG_WARN_DIRECT_OBJC_ISA_USAGE = YES_ERROR;
				CLANG_WARN_DOCUMENTATION_COMMENTS = YES;
				CLANG_WARN_EMPTY_BODY = YES;
				CLANG_WARN_ENUM_CONVERSION = YES;
				CLANG_WARN_INFINITE_RECURSION = YES;
				CLANG_WARN_INT_CONVERSION = YES;
				CLANG_WARN_NON_LITERAL_NULL_CONVERSION = YES;
				CLANG_WARN_OBJC_IMPLICIT_RETAIN_SELF = YES;
				CLANG_WARN_OBJC_LITERAL_CONVERSION = YES;
				CLANG_WARN_OBJC_ROOT_CLASS = YES_ERROR;
				CLANG_WARN_QUOTED_INCLUDE_IN_FRAMEWORK_HEADER = YES;
				CLANG_WARN_RANGE_LOOP_ANALYSIS = YES;
				CLANG_WARN_STRICT_PROTOTYPES = YES;
				CLANG_WARN_SUSPICIOUS_MOVE = YES;
				CLANG_WARN_UNGUARDED_AVAILABILITY = YES_AGGRESSIVE;
				CLANG_WARN_UNREACHABLE_CODE = YES;
				CLANG_WARN__DUPLICATE_METHOD_MATCH = YES;
				COPY_PHASE_STRIP = NO;
				DEBUG_INFORMATION_FORMAT = dwarf;
				ENABLE_STRICT_OBJC_MSGSEND = YES;
				ENABLE_TESTABILITY = YES;
				GCC_C_LANGUAGE_STANDARD = gnu11;
				GCC_DYNAMIC_NO_PIC = NO;
				GCC_NO_COMMON_BLOCKS = YES;
				GCC_OPTIMIZATION_LEVEL = 0;
				GCC_PREPROCESSOR_DEFINITIONS = (
					"DEBUG=1",
					"$(inherited)",
				);
				GCC_WARN_64_TO_32_BIT_CONVERSION = YES;
				GCC_WARN_ABOUT_RETURN_TYPE = YES_ERROR;
				GCC_WARN_UNDECLARED_SELECTOR = YES;
				GCC_WARN_UNINITIALIZED_AUTOS = YES_AGGRESSIVE;
				GCC_WARN_UNUSED_FUNCTION = YES;
				GCC_WARN_UNUSED_VARIABLE = YES;
				IPHONEOS_DEPLOYMENT_TARGET = 15.5;
				MTL_ENABLE_DEBUG_INFO = INCLUDE_SOURCE;
				MTL_FAST_MATH = YES;
				ONLY_ACTIVE_ARCH = YES;
				SDKROOT = iphoneos;
				SWIFT_ACTIVE_COMPILATION_CONDITIONS = DEBUG;
				SWIFT_OPTIMIZATION_LEVEL = "-Onone";
			};
			name = Debug;
		};
		C44947072878494E006E9B4B /* Release */ = {
			isa = XCBuildConfiguration;
			buildSettings = {
				ALWAYS_SEARCH_USER_PATHS = NO;
				CLANG_ANALYZER_NONNULL = YES;
				CLANG_ANALYZER_NUMBER_OBJECT_CONVERSION = YES_AGGRESSIVE;
				CLANG_CXX_LANGUAGE_STANDARD = "gnu++17";
				CLANG_ENABLE_MODULES = YES;
				CLANG_ENABLE_OBJC_ARC = YES;
				CLANG_ENABLE_OBJC_WEAK = YES;
				CLANG_WARN_BLOCK_CAPTURE_AUTORELEASING = YES;
				CLANG_WARN_BOOL_CONVERSION = YES;
				CLANG_WARN_COMMA = YES;
				CLANG_WARN_CONSTANT_CONVERSION = YES;
				CLANG_WARN_DEPRECATED_OBJC_IMPLEMENTATIONS = YES;
				CLANG_WARN_DIRECT_OBJC_ISA_USAGE = YES_ERROR;
				CLANG_WARN_DOCUMENTATION_COMMENTS = YES;
				CLANG_WARN_EMPTY_BODY = YES;
				CLANG_WARN_ENUM_CONVERSION = YES;
				CLANG_WARN_INFINITE_RECURSION = YES;
				CLANG_WARN_INT_CONVERSION = YES;
				CLANG_WARN_NON_LITERAL_NULL_CONVERSION = YES;
				CLANG_WARN_OBJC_IMPLICIT_RETAIN_SELF = YES;
				CLANG_WARN_OBJC_LITERAL_CONVERSION = YES;
				CLANG_WARN_OBJC_ROOT_CLASS = YES_ERROR;
				CLANG_WARN_QUOTED_INCLUDE_IN_FRAMEWORK_HEADER = YES;
				CLANG_WARN_RANGE_LOOP_ANALYSIS = YES;
				CLANG_WARN_STRICT_PROTOTYPES = YES;
				CLANG_WARN_SUSPICIOUS_MOVE = YES;
				CLANG_WARN_UNGUARDED_AVAILABILITY = YES_AGGRESSIVE;
				CLANG_WARN_UNREACHABLE_CODE = YES;
				CLANG_WARN__DUPLICATE_METHOD_MATCH = YES;
				COPY_PHASE_STRIP = NO;
				DEBUG_INFORMATION_FORMAT = "dwarf-with-dsym";
				ENABLE_NS_ASSERTIONS = NO;
				ENABLE_STRICT_OBJC_MSGSEND = YES;
				GCC_C_LANGUAGE_STANDARD = gnu11;
				GCC_NO_COMMON_BLOCKS = YES;
				GCC_WARN_64_TO_32_BIT_CONVERSION = YES;
				GCC_WARN_ABOUT_RETURN_TYPE = YES_ERROR;
				GCC_WARN_UNDECLARED_SELECTOR = YES;
				GCC_WARN_UNINITIALIZED_AUTOS = YES_AGGRESSIVE;
				GCC_WARN_UNUSED_FUNCTION = YES;
				GCC_WARN_UNUSED_VARIABLE = YES;
				IPHONEOS_DEPLOYMENT_TARGET = 15.5;
				MTL_ENABLE_DEBUG_INFO = NO;
				MTL_FAST_MATH = YES;
				SDKROOT = iphoneos;
				SWIFT_COMPILATION_MODE = wholemodule;
				SWIFT_OPTIMIZATION_LEVEL = "-O";
				VALIDATE_PRODUCT = YES;
			};
			name = Release;
		};
		C44947092878494E006E9B4B /* Debug */ = {
			isa = XCBuildConfiguration;
			buildSettings = {
				ASSETCATALOG_COMPILER_APPICON_NAME = AppIcon;
				ASSETCATALOG_COMPILER_GLOBAL_ACCENT_COLOR_NAME = AccentColor;
				CODE_SIGN_STYLE = Automatic;
				CURRENT_PROJECT_VERSION = 1;
				DEVELOPMENT_ASSET_PATHS = "\"MovieDB/Preview Content\"";
				DEVELOPMENT_TEAM = DU88KW67TH;
				ENABLE_PREVIEWS = YES;
				GENERATE_INFOPLIST_FILE = YES;
				INFOPLIST_KEY_UIApplicationSceneManifest_Generation = YES;
				INFOPLIST_KEY_UIApplicationSupportsIndirectInputEvents = YES;
				INFOPLIST_KEY_UILaunchScreen_Generation = YES;
				INFOPLIST_KEY_UISupportedInterfaceOrientations_iPad = "UIInterfaceOrientationPortrait UIInterfaceOrientationPortraitUpsideDown UIInterfaceOrientationLandscapeLeft UIInterfaceOrientationLandscapeRight";
				INFOPLIST_KEY_UISupportedInterfaceOrientations_iPhone = "UIInterfaceOrientationPortrait UIInterfaceOrientationLandscapeLeft UIInterfaceOrientationLandscapeRight";
				LD_RUNPATH_SEARCH_PATHS = (
					"$(inherited)",
					"@executable_path/Frameworks",
				);
				MARKETING_VERSION = 1.0;
				PRODUCT_BUNDLE_IDENTIFIER = com.choikihun.MovieDB;
				PRODUCT_NAME = "$(TARGET_NAME)";
				SWIFT_EMIT_LOC_STRINGS = YES;
				SWIFT_VERSION = 5.0;
				TARGETED_DEVICE_FAMILY = "1,2";
			};
			name = Debug;
		};
		C449470A2878494E006E9B4B /* Release */ = {
			isa = XCBuildConfiguration;
			buildSettings = {
				ASSETCATALOG_COMPILER_APPICON_NAME = AppIcon;
				ASSETCATALOG_COMPILER_GLOBAL_ACCENT_COLOR_NAME = AccentColor;
				CODE_SIGN_STYLE = Automatic;
				CURRENT_PROJECT_VERSION = 1;
				DEVELOPMENT_ASSET_PATHS = "\"MovieDB/Preview Content\"";
				DEVELOPMENT_TEAM = DU88KW67TH;
				ENABLE_PREVIEWS = YES;
				GENERATE_INFOPLIST_FILE = YES;
				INFOPLIST_KEY_UIApplicationSceneManifest_Generation = YES;
				INFOPLIST_KEY_UIApplicationSupportsIndirectInputEvents = YES;
				INFOPLIST_KEY_UILaunchScreen_Generation = YES;
				INFOPLIST_KEY_UISupportedInterfaceOrientations_iPad = "UIInterfaceOrientationPortrait UIInterfaceOrientationPortraitUpsideDown UIInterfaceOrientationLandscapeLeft UIInterfaceOrientationLandscapeRight";
				INFOPLIST_KEY_UISupportedInterfaceOrientations_iPhone = "UIInterfaceOrientationPortrait UIInterfaceOrientationLandscapeLeft UIInterfaceOrientationLandscapeRight";
				LD_RUNPATH_SEARCH_PATHS = (
					"$(inherited)",
					"@executable_path/Frameworks",
				);
				MARKETING_VERSION = 1.0;
				PRODUCT_BUNDLE_IDENTIFIER = com.choikihun.MovieDB;
				PRODUCT_NAME = "$(TARGET_NAME)";
				SWIFT_EMIT_LOC_STRINGS = YES;
				SWIFT_VERSION = 5.0;
				TARGETED_DEVICE_FAMILY = "1,2";
			};
			name = Release;
		};
		C449470C2878494E006E9B4B /* Debug */ = {
			isa = XCBuildConfiguration;
			buildSettings = {
				ALWAYS_EMBED_SWIFT_STANDARD_LIBRARIES = YES;
				BUNDLE_LOADER = "$(TEST_HOST)";
				CODE_SIGN_STYLE = Automatic;
				CURRENT_PROJECT_VERSION = 1;
				DEVELOPMENT_TEAM = DU88KW67TH;
				GENERATE_INFOPLIST_FILE = YES;
				IPHONEOS_DEPLOYMENT_TARGET = 15.5;
				MARKETING_VERSION = 1.0;
				PRODUCT_BUNDLE_IDENTIFIER = com.choikihun.MovieDBTests;
				PRODUCT_NAME = "$(TARGET_NAME)";
				SWIFT_EMIT_LOC_STRINGS = NO;
				SWIFT_VERSION = 5.0;
				TARGETED_DEVICE_FAMILY = "1,2";
				TEST_HOST = "$(BUILT_PRODUCTS_DIR)/MovieDB.app/MovieDB";
			};
			name = Debug;
		};
		C449470D2878494E006E9B4B /* Release */ = {
			isa = XCBuildConfiguration;
			buildSettings = {
				ALWAYS_EMBED_SWIFT_STANDARD_LIBRARIES = YES;
				BUNDLE_LOADER = "$(TEST_HOST)";
				CODE_SIGN_STYLE = Automatic;
				CURRENT_PROJECT_VERSION = 1;
				DEVELOPMENT_TEAM = DU88KW67TH;
				GENERATE_INFOPLIST_FILE = YES;
				IPHONEOS_DEPLOYMENT_TARGET = 15.5;
				MARKETING_VERSION = 1.0;
				PRODUCT_BUNDLE_IDENTIFIER = com.choikihun.MovieDBTests;
				PRODUCT_NAME = "$(TARGET_NAME)";
				SWIFT_EMIT_LOC_STRINGS = NO;
				SWIFT_VERSION = 5.0;
				TARGETED_DEVICE_FAMILY = "1,2";
				TEST_HOST = "$(BUILT_PRODUCTS_DIR)/MovieDB.app/MovieDB";
			};
			name = Release;
		};
		C449470F2878494E006E9B4B /* Debug */ = {
			isa = XCBuildConfiguration;
			buildSettings = {
				ALWAYS_EMBED_SWIFT_STANDARD_LIBRARIES = YES;
				CODE_SIGN_STYLE = Automatic;
				CURRENT_PROJECT_VERSION = 1;
				DEVELOPMENT_TEAM = DU88KW67TH;
				GENERATE_INFOPLIST_FILE = YES;
				MARKETING_VERSION = 1.0;
				PRODUCT_BUNDLE_IDENTIFIER = com.choikihun.MovieDBUITests;
				PRODUCT_NAME = "$(TARGET_NAME)";
				SWIFT_EMIT_LOC_STRINGS = NO;
				SWIFT_VERSION = 5.0;
				TARGETED_DEVICE_FAMILY = "1,2";
				TEST_TARGET_NAME = MovieDB;
			};
			name = Debug;
		};
		C44947102878494E006E9B4B /* Release */ = {
			isa = XCBuildConfiguration;
			buildSettings = {
				ALWAYS_EMBED_SWIFT_STANDARD_LIBRARIES = YES;
				CODE_SIGN_STYLE = Automatic;
				CURRENT_PROJECT_VERSION = 1;
				DEVELOPMENT_TEAM = DU88KW67TH;
				GENERATE_INFOPLIST_FILE = YES;
				MARKETING_VERSION = 1.0;
				PRODUCT_BUNDLE_IDENTIFIER = com.choikihun.MovieDBUITests;
				PRODUCT_NAME = "$(TARGET_NAME)";
				SWIFT_EMIT_LOC_STRINGS = NO;
				SWIFT_VERSION = 5.0;
				TARGETED_DEVICE_FAMILY = "1,2";
				TEST_TARGET_NAME = MovieDB;
			};
			name = Release;
		};
/* End XCBuildConfiguration section */

/* Begin XCConfigurationList section */
		C44946DF2878494D006E9B4B /* Build configuration list for PBXProject "MovieDB" */ = {
			isa = XCConfigurationList;
			buildConfigurations = (
				C44947062878494E006E9B4B /* Debug */,
				C44947072878494E006E9B4B /* Release */,
			);
			defaultConfigurationIsVisible = 0;
			defaultConfigurationName = Release;
		};
		C44947082878494E006E9B4B /* Build configuration list for PBXNativeTarget "MovieDB" */ = {
			isa = XCConfigurationList;
			buildConfigurations = (
				C44947092878494E006E9B4B /* Debug */,
				C449470A2878494E006E9B4B /* Release */,
			);
			defaultConfigurationIsVisible = 0;
			defaultConfigurationName = Release;
		};
		C449470B2878494E006E9B4B /* Build configuration list for PBXNativeTarget "MovieDBTests" */ = {
			isa = XCConfigurationList;
			buildConfigurations = (
				C449470C2878494E006E9B4B /* Debug */,
				C449470D2878494E006E9B4B /* Release */,
			);
			defaultConfigurationIsVisible = 0;
			defaultConfigurationName = Release;
		};
		C449470E2878494E006E9B4B /* Build configuration list for PBXNativeTarget "MovieDBUITests" */ = {
			isa = XCConfigurationList;
			buildConfigurations = (
				C449470F2878494E006E9B4B /* Debug */,
				C44947102878494E006E9B4B /* Release */,
			);
			defaultConfigurationIsVisible = 0;
			defaultConfigurationName = Release;
		};
/* End XCConfigurationList section */
	};
	rootObject = C44946DC2878494D006E9B4B /* Project object */;
}
